{
  "name": "restoran-asik",
  "version": "1.0.0",
  "lockfileVersion": 2,
  "requires": true,
  "packages": {
    "": {
      "name": "restoran-asik",
      "version": "1.0.0",
      "license": "ISC",
      "dependencies": {
        "jwt-decode": "github:auth0/jwt-decode"
      }
    },
    "node_modules/jwt-decode": {
      "version": "4.0.0",
      "resolved": "git+ssh://git@github.com/auth0/jwt-decode.git#9d594d8920f920dc1e1cb69042777a0f8781fbc2",
      "license": "MIT",
      "engines": {
        "node": ">=18"
      }
    }
  },
  "dependencies": {
    "jwt-decode": {
      "version": "git+ssh://git@github.com/auth0/jwt-decode.git#9d594d8920f920dc1e1cb69042777a0f8781fbc2",
      "from": "jwt-decode@github:auth0/jwt-decode"
    }
  }
}
